
Microsoft Visual Studio Solution File, Format Version 12.00
# Visual Studio Version 17
VisualStudioVersion = 17.8.34309.116
MinimumVisualStudioVersion = 10.0.40219.1
Project("{FAE04EC0-301F-11D3-BF4B-00C04F79EFBC}") = "Task1", "Task1\Task1.csproj", "{5ADA515B-3444-45D8-BFCF-91D3033D401D}"
EndProject
Project("{FAE04EC0-301F-11D3-BF4B-00C04F79EFBC}") = "Task2", "Task2\Task2.csproj", "{F2A58546-65D2-496D-94AC-87BAFE700AEF}"
EndProject
Project("{FAE04EC0-301F-11D3-BF4B-00C04F79EFBC}") = "Task3", "Task3\Task3.csproj", "{C0C773ED-CE22-4ED0-A2A1-8A606E2AFBCE}"
EndProject
Global
	GlobalSection(SolutionConfigurationPlatforms) = preSolution
		Debug|Any CPU = Debug|Any CPU
		Release|Any CPU = Release|Any CPU
	EndGlobalSection
	GlobalSection(ProjectConfigurationPlatforms) = postSolution
		{5ADA515B-3444-45D8-BFCF-91D3033D401D}.Debug|Any CPU.ActiveCfg = Debug|Any CPU
		{5ADA515B-3444-45D8-BFCF-91D3033D401D}.Debug|Any CPU.Build.0 = Debug|Any CPU
		{5ADA515B-3444-45D8-BFCF-91D3033D401D}.Release|Any CPU.ActiveCfg = Release|Any CPU
		{5ADA515B-3444-45D8-BFCF-91D3033D401D}.Release|Any CPU.Build.0 = Release|Any CPU
		{F2A58546-65D2-496D-94AC-87BAFE700AEF}.Debug|Any CPU.ActiveCfg = Debug|Any CPU
		{F2A58546-65D2-496D-94AC-87BAFE700AEF}.Debug|Any CPU.Build.0 = Debug|Any CPU
		{F2A58546-65D2-496D-94AC-87BAFE700AEF}.Release|Any CPU.ActiveCfg = Release|Any CPU
		{F2A58546-65D2-496D-94AC-87BAFE700AEF}.Release|Any CPU.Build.0 = Release|Any CPU
		{C0C773ED-CE22-4ED0-A2A1-8A606E2AFBCE}.Debug|Any CPU.ActiveCfg = Debug|Any CPU
		{C0C773ED-CE22-4ED0-A2A1-8A606E2AFBCE}.Debug|Any CPU.Build.0 = Debug|Any CPU
		{C0C773ED-CE22-4ED0-A2A1-8A606E2AFBCE}.Release|Any CPU.ActiveCfg = Release|Any CPU
		{C0C773ED-CE22-4ED0-A2A1-8A606E2AFBCE}.Release|Any CPU.Build.0 = Release|Any CPU
	EndGlobalSection
	GlobalSection(SolutionProperties) = preSolution
		HideSolutionNode = FALSE
	EndGlobalSection
	GlobalSection(ExtensibilityGlobals) = postSolution
		SolutionGuid = {114FD782-83E4-4200-ABF4-49C0CE5F7307}
	EndGlobalSection
EndGlobal
